{
  "name": "claude1page",
  "version": "1.0.0",
  "lockfileVersion": 3,
  "requires": true,
  "packages": {
    "": {
      "name": "claude1page",
      "version": "1.0.0",
      "license": "MIT",
      "dependencies": {
        "dotenv": "^16.4.5",
        "undici": "^7.16.0",
        "unsplash-js": "^7.0.19"
      },
      "engines": {
        "node": ">=16.0.0"
      }
    },
    "node_modules/dotenv": {
      "version": "16.6.1",
      "resolved": "https://registry.npmjs.org/dotenv/-/dotenv-16.6.1.tgz",
      "integrity": "sha512-uBq4egWHTcTt33a72vpSG0z3HnPuIl6NqYcTrKEg2azoEyl2hpW0zqlxysq2pK9HlDIHyHyakeYaYnSAwd8bow==",
      "license": "BSD-2-Clause",
      "engines": {
        "node": ">=12"
      },
      "funding": {
        "url": "https://dotenvx.com"
      }
    },
    "node_modules/undici": {
      "version": "7.16.0",
      "resolved": "https://registry.npmjs.org/undici/-/undici-7.16.0.tgz",
      "integrity": "sha512-QEg3HPMll0o3t2ourKwOeUAZ159Kn9mx5pnzHRQO8+Wixmh88YdZRiIwat0iNzNNXn0yoEtXJqFpyW7eM8BV7g==",
      "license": "MIT",
      "engines": {
        "node": ">=20.18.1"
      }
    },
    "node_modules/unsplash-js": {
      "version": "7.0.19",
      "resolved": "https://registry.npmjs.org/unsplash-js/-/unsplash-js-7.0.19.tgz",
      "integrity": "sha512-j6qT2floy5Q2g2d939FJpwey1yw/GpQecFiSouyJtsHQPj3oqmqq3K4rI+GF8vU1zwGCT7ZwIGQd2dtCQLjYJw==",
      "license": "MIT",
      "engines": {
        "node": ">=10"
      }
    }
  }
}
